
Microsoft Visual Studio Solution File, Format Version 12.00
# Visual Studio 15
VisualStudioVersion = 15.0.28010.2050
MinimumVisualStudioVersion = 10.0.40219.1
Project("{FAE04EC0-301F-11D3-BF4B-00C04F79EFBC}") = "21.5", "21.5\21.5.csproj", "{8F8139DB-E3EF-48B6-9F08-FBB87A994B9D}"
EndProject
Global
	GlobalSection(SolutionConfigurationPlatforms) = preSolution
		Debug|Any CPU = Debug|Any CPU
		Release|Any CPU = Release|Any CPU
	EndGlobalSection
	GlobalSection(ProjectConfigurationPlatforms) = postSolution
		{8F8139DB-E3EF-48B6-9F08-FBB87A994B9D}.Debug|Any CPU.ActiveCfg = Debug|Any CPU
		{8F8139DB-E3EF-48B6-9F08-FBB87A994B9D}.Debug|Any CPU.Build.0 = Debug|Any CPU
		{8F8139DB-E3EF-48B6-9F08-FBB87A994B9D}.Release|Any CPU.ActiveCfg = Release|Any CPU
		{8F8139DB-E3EF-48B6-9F08-FBB87A994B9D}.Release|Any CPU.Build.0 = Release|Any CPU
	EndGlobalSection
	GlobalSection(SolutionProperties) = preSolution
		HideSolutionNode = FALSE
	EndGlobalSection
	GlobalSection(ExtensibilityGlobals) = postSolution
		SolutionGuid = {C7D01AB0-6D05-4B4D-8786-7B1F7505CF30}
	EndGlobalSection
EndGlobal
